// !$*UTF8*$!
{
	archiveVersion = 1;
	classes = {
	};
	objectVersion = 51;
	objects = {

/* Begin PBXBuildFile section */
		10ECA4CF26905CE900E14EC3 /* ElectroluxCodeAssignmentApp.swift in Sources */ = {isa = PBXBuildFile; fileRef = 10ECA4CE26905CE900E14EC3 /* ElectroluxCodeAssignmentApp.swift */; };
		10ECA4D126905CE900E14EC3 /* ImageGalleryView.swift in Sources */ = {isa = PBXBuildFile; fileRef = 10ECA4D026905CE900E14EC3 /* ImageGalleryView.swift */; };
		10ECA4D326905CEB00E14EC3 /* Assets.xcassets in Resources */ = {isa = PBXBuildFile; fileRef = 10ECA4D226905CEB00E14EC3 /* Assets.xcassets */; };
		10ECA4D626905CEB00E14EC3 /* Preview Assets.xcassets in Resources */ = {isa = PBXBuildFile; fileRef = 10ECA4D526905CEB00E14EC3 /* Preview Assets.xcassets */; };
		10ECA4E126905CEB00E14EC3 /* ElectroluxCodeAssignmentTests.swift in Sources */ = {isa = PBXBuildFile; fileRef = 10ECA4E026905CEB00E14EC3 /* ElectroluxCodeAssignmentTests.swift */; };
		10ECA4EC26905CEB00E14EC3 /* ElectroluxCodeAssignmentUITests.swift in Sources */ = {isa = PBXBuildFile; fileRef = 10ECA4EB26905CEB00E14EC3 /* ElectroluxCodeAssignmentUITests.swift */; };
		10ECA51C26905F1700E14EC3 /* NetworkManager.swift in Sources */ = {isa = PBXBuildFile; fileRef = 10ECA51B26905F1700E14EC3 /* NetworkManager.swift */; };
		10ECA53F2690644400E14EC3 /* config.txt in Resources */ = {isa = PBXBuildFile; fileRef = 10ECA53E2690644400E14EC3 /* config.txt */; };
		10ECA54D2690691D00E14EC3 /* FlickrPhotosResponse.swift in Sources */ = {isa = PBXBuildFile; fileRef = 10ECA54C2690691D00E14EC3 /* FlickrPhotosResponse.swift */; };
		10ECA5552690757B00E14EC3 /* Color+Extension.swift in Sources */ = {isa = PBXBuildFile; fileRef = 10ECA5542690757B00E14EC3 /* Color+Extension.swift */; };
		1A741AD1571D25A6DA3FFEF3 /* Pods_ElectroluxCodeAssignment.framework in Frameworks */ = {isa = PBXBuildFile; fileRef = 8CCECE7954E62DD0B673D782 /* Pods_ElectroluxCodeAssignment.framework */; };
		6380875E036938B13C452C54 /* Pods_ElectroluxCodeAssignment_ElectroluxCodeAssignmentUITests.framework in Frameworks */ = {isa = PBXBuildFile; fileRef = 24E83954477D0A1397911986 /* Pods_ElectroluxCodeAssignment_ElectroluxCodeAssignmentUITests.framework */; };
		9D9218DDE9C238628ECFCA22 /* Pods_ElectroluxCodeAssignmentTests.framework in Frameworks */ = {isa = PBXBuildFile; fileRef = 3CE547DA256AB7B45D7460A1 /* Pods_ElectroluxCodeAssignmentTests.framework */; };
/* End PBXBuildFile section */

/* Begin PBXContainerItemProxy section */
		10ECA4DD26905CEB00E14EC3 /* PBXContainerItemProxy */ = {
			isa = PBXContainerItemProxy;
			containerPortal = 10ECA4C326905CE900E14EC3 /* Project object */;
			proxyType = 1;
			remoteGlobalIDString = 10ECA4CA26905CE900E14EC3;
			remoteInfo = ElectroluxCodeAssignment;
		};
		10ECA4E826905CEB00E14EC3 /* PBXContainerItemProxy */ = {
			isa = PBXContainerItemProxy;
			containerPortal = 10ECA4C326905CE900E14EC3 /* Project object */;
			proxyType = 1;
			remoteGlobalIDString = 10ECA4CA26905CE900E14EC3;
			remoteInfo = ElectroluxCodeAssignment;
		};
/* End PBXContainerItemProxy section */

/* Begin PBXFileReference section */
		10ECA4CB26905CE900E14EC3 /* ElectroluxCodeAssignment.app */ = {isa = PBXFileReference; explicitFileType = wrapper.application; includeInIndex = 0; path = ElectroluxCodeAssignment.app; sourceTree = BUILT_PRODUCTS_DIR; };
		10ECA4CE26905CE900E14EC3 /* ElectroluxCodeAssignmentApp.swift */ = {isa = PBXFileReference; lastKnownFileType = sourcecode.swift; path = ElectroluxCodeAssignmentApp.swift; sourceTree = "<group>"; };
		10ECA4D026905CE900E14EC3 /* ImageGalleryView.swift */ = {isa = PBXFileReference; lastKnownFileType = sourcecode.swift; path = ImageGalleryView.swift; sourceTree = "<group>"; };
		10ECA4D226905CEB00E14EC3 /* Assets.xcassets */ = {isa = PBXFileReference; lastKnownFileType = folder.assetcatalog; path = Assets.xcassets; sourceTree = "<group>"; };
		10ECA4D526905CEB00E14EC3 /* Preview Assets.xcassets */ = {isa = PBXFileReference; lastKnownFileType = folder.assetcatalog; path = "Preview Assets.xcassets"; sourceTree = "<group>"; };
		10ECA4D726905CEB00E14EC3 /* Info.plist */ = {isa = PBXFileReference; lastKnownFileType = text.plist.xml; path = Info.plist; sourceTree = "<group>"; };
		10ECA4DC26905CEB00E14EC3 /* ElectroluxCodeAssignmentTests.xctest */ = {isa = PBXFileReference; explicitFileType = wrapper.cfbundle; includeInIndex = 0; path = ElectroluxCodeAssignmentTests.xctest; sourceTree = BUILT_PRODUCTS_DIR; };
		10ECA4E026905CEB00E14EC3 /* ElectroluxCodeAssignmentTests.swift */ = {isa = PBXFileReference; lastKnownFileType = sourcecode.swift; path = ElectroluxCodeAssignmentTests.swift; sourceTree = "<group>"; };
		10ECA4E226905CEB00E14EC3 /* Info.plist */ = {isa = PBXFileReference; lastKnownFileType = text.plist.xml; path = Info.plist; sourceTree = "<group>"; };
		10ECA4E726905CEB00E14EC3 /* ElectroluxCodeAssignmentUITests.xctest */ = {isa = PBXFileReference; explicitFileType = wrapper.cfbundle; includeInIndex = 0; path = ElectroluxCodeAssignmentUITests.xctest; sourceTree = BUILT_PRODUCTS_DIR; };
		10ECA4EB26905CEB00E14EC3 /* ElectroluxCodeAssignmentUITests.swift */ = {isa = PBXFileReference; lastKnownFileType = sourcecode.swift; path = ElectroluxCodeAssignmentUITests.swift; sourceTree = "<group>"; };
		10ECA4ED26905CEB00E14EC3 /* Info.plist */ = {isa = PBXFileReference; lastKnownFileType = text.plist.xml; path = Info.plist; sourceTree = "<group>"; };
		10ECA51B26905F1700E14EC3 /* NetworkManager.swift */ = {isa = PBXFileReference; lastKnownFileType = sourcecode.swift; path = NetworkManager.swift; sourceTree = "<group>"; };
		10ECA53E2690644400E14EC3 /* config.txt */ = {isa = PBXFileReference; fileEncoding = 4; lastKnownFileType = text; path = config.txt; sourceTree = "<group>"; };
		10ECA54C2690691D00E14EC3 /* FlickrPhotosResponse.swift */ = {isa = PBXFileReference; lastKnownFileType = sourcecode.swift; path = FlickrPhotosResponse.swift; sourceTree = "<group>"; };
		10ECA5542690757B00E14EC3 /* Color+Extension.swift */ = {isa = PBXFileReference; lastKnownFileType = sourcecode.swift; path = "Color+Extension.swift"; sourceTree = "<group>"; };
		1ED5C6D945720142F6DE4681 /* Pods-ElectroluxCodeAssignment-ElectroluxCodeAssignmentUITests.release.xcconfig */ = {isa = PBXFileReference; includeInIndex = 1; lastKnownFileType = text.xcconfig; name = "Pods-ElectroluxCodeAssignment-ElectroluxCodeAssignmentUITests.release.xcconfig"; path = "Target Support Files/Pods-ElectroluxCodeAssignment-ElectroluxCodeAssignmentUITests/Pods-ElectroluxCodeAssignment-ElectroluxCodeAssignmentUITests.release.xcconfig"; sourceTree = "<group>"; };
		24E83954477D0A1397911986 /* Pods_ElectroluxCodeAssignment_ElectroluxCodeAssignmentUITests.framework */ = {isa = PBXFileReference; explicitFileType = wrapper.framework; includeInIndex = 0; path = Pods_ElectroluxCodeAssignment_ElectroluxCodeAssignmentUITests.framework; sourceTree = BUILT_PRODUCTS_DIR; };
		3CE547DA256AB7B45D7460A1 /* Pods_ElectroluxCodeAssignmentTests.framework */ = {isa = PBXFileReference; explicitFileType = wrapper.framework; includeInIndex = 0; path = Pods_ElectroluxCodeAssignmentTests.framework; sourceTree = BUILT_PRODUCTS_DIR; };
		523A0800B694498512EF2E09 /* Pods-ElectroluxCodeAssignmentTests.debug.xcconfig */ = {isa = PBXFileReference; includeInIndex = 1; lastKnownFileType = text.xcconfig; name = "Pods-ElectroluxCodeAssignmentTests.debug.xcconfig"; path = "Target Support Files/Pods-ElectroluxCodeAssignmentTests/Pods-ElectroluxCodeAssignmentTests.debug.xcconfig"; sourceTree = "<group>"; };
		62999A8100167E292C403B93 /* Pods-ElectroluxCodeAssignment.debug.xcconfig */ = {isa = PBXFileReference; includeInIndex = 1; lastKnownFileType = text.xcconfig; name = "Pods-ElectroluxCodeAssignment.debug.xcconfig"; path = "Target Support Files/Pods-ElectroluxCodeAssignment/Pods-ElectroluxCodeAssignment.debug.xcconfig"; sourceTree = "<group>"; };
		8CCECE7954E62DD0B673D782 /* Pods_ElectroluxCodeAssignment.framework */ = {isa = PBXFileReference; explicitFileType = wrapper.framework; includeInIndex = 0; path = Pods_ElectroluxCodeAssignment.framework; sourceTree = BUILT_PRODUCTS_DIR; };
		8DDD627E0F7E57A9BE28504E /* Pods-ElectroluxCodeAssignmentTests.release.xcconfig */ = {isa = PBXFileReference; includeInIndex = 1; lastKnownFileType = text.xcconfig; name = "Pods-ElectroluxCodeAssignmentTests.release.xcconfig"; path = "Target Support Files/Pods-ElectroluxCodeAssignmentTests/Pods-ElectroluxCodeAssignmentTests.release.xcconfig"; sourceTree = "<group>"; };
		AD2BCABBC85F75E0F44500A1 /* Pods-ElectroluxCodeAssignment-ElectroluxCodeAssignmentUITests.debug.xcconfig */ = {isa = PBXFileReference; includeInIndex = 1; lastKnownFileType = text.xcconfig; name = "Pods-ElectroluxCodeAssignment-ElectroluxCodeAssignmentUITests.debug.xcconfig"; path = "Target Support Files/Pods-ElectroluxCodeAssignment-ElectroluxCodeAssignmentUITests/Pods-ElectroluxCodeAssignment-ElectroluxCodeAssignmentUITests.debug.xcconfig"; sourceTree = "<group>"; };
		FCB0C0D9E2906BB359CCFB31 /* Pods-ElectroluxCodeAssignment.release.xcconfig */ = {isa = PBXFileReference; includeInIndex = 1; lastKnownFileType = text.xcconfig; name = "Pods-ElectroluxCodeAssignment.release.xcconfig"; path = "Target Support Files/Pods-ElectroluxCodeAssignment/Pods-ElectroluxCodeAssignment.release.xcconfig"; sourceTree = "<group>"; };
/* End PBXFileReference section */

/* Begin PBXFrameworksBuildPhase section */
		10ECA4C826905CE900E14EC3 /* Frameworks */ = {
			isa = PBXFrameworksBuildPhase;
			buildActionMask = 2147483647;
			files = (
				1A741AD1571D25A6DA3FFEF3 /* Pods_ElectroluxCodeAssignment.framework in Frameworks */,
			);
			runOnlyForDeploymentPostprocessing = 0;
		};
		10ECA4D926905CEB00E14EC3 /* Frameworks */ = {
			isa = PBXFrameworksBuildPhase;
			buildActionMask = 2147483647;
			files = (
				9D9218DDE9C238628ECFCA22 /* Pods_ElectroluxCodeAssignmentTests.framework in Frameworks */,
			);
			runOnlyForDeploymentPostprocessing = 0;
		};
		10ECA4E426905CEB00E14EC3 /* Frameworks */ = {
			isa = PBXFrameworksBuildPhase;
			buildActionMask = 2147483647;
			files = (
				6380875E036938B13C452C54 /* Pods_ElectroluxCodeAssignment_ElectroluxCodeAssignmentUITests.framework in Frameworks */,
			);
			runOnlyForDeploymentPostprocessing = 0;
		};
/* End PBXFrameworksBuildPhase section */

/* Begin PBXGroup section */
		10ECA4C226905CE900E14EC3 = {
			isa = PBXGroup;
			children = (
				10ECA4CD26905CE900E14EC3 /* ElectroluxCodeAssignment */,
				10ECA4DF26905CEB00E14EC3 /* ElectroluxCodeAssignmentTests */,
				10ECA4EA26905CEB00E14EC3 /* ElectroluxCodeAssignmentUITests */,
				10ECA4CC26905CE900E14EC3 /* Products */,
				F25944A104E08B0DB271ECB8 /* Pods */,
				5CD79ADDCF8EBBBD8E5FD2BF /* Frameworks */,
			);
			sourceTree = "<group>";
		};
		10ECA4CC26905CE900E14EC3 /* Products */ = {
			isa = PBXGroup;
			children = (
				10ECA4CB26905CE900E14EC3 /* ElectroluxCodeAssignment.app */,
				10ECA4DC26905CEB00E14EC3 /* ElectroluxCodeAssignmentTests.xctest */,
				10ECA4E726905CEB00E14EC3 /* ElectroluxCodeAssignmentUITests.xctest */,
			);
			name = Products;
			sourceTree = "<group>";
		};
		10ECA4CD26905CE900E14EC3 /* ElectroluxCodeAssignment */ = {
			isa = PBXGroup;
			children = (
				10ECA54B2690690A00E14EC3 /* Models */,
				10ECA53E2690644400E14EC3 /* config.txt */,
				10ECA51226905EC400E14EC3 /* Extensions */,
				10ECA51126905EBF00E14EC3 /* Managers */,
				10ECA4CE26905CE900E14EC3 /* ElectroluxCodeAssignmentApp.swift */,
				10ECA4D026905CE900E14EC3 /* ImageGalleryView.swift */,
				10ECA4D226905CEB00E14EC3 /* Assets.xcassets */,
				10ECA4D726905CEB00E14EC3 /* Info.plist */,
				10ECA4D426905CEB00E14EC3 /* Preview Content */,
			);
			path = ElectroluxCodeAssignment;
			sourceTree = "<group>";
		};
		10ECA4D426905CEB00E14EC3 /* Preview Content */ = {
			isa = PBXGroup;
			children = (
				10ECA4D526905CEB00E14EC3 /* Preview Assets.xcassets */,
			);
			path = "Preview Content";
			sourceTree = "<group>";
		};
		10ECA4DF26905CEB00E14EC3 /* ElectroluxCodeAssignmentTests */ = {
			isa = PBXGroup;
			children = (
				10ECA4E026905CEB00E14EC3 /* ElectroluxCodeAssignmentTests.swift */,
				10ECA4E226905CEB00E14EC3 /* Info.plist */,
			);
			path = ElectroluxCodeAssignmentTests;
			sourceTree = "<group>";
		};
		10ECA4EA26905CEB00E14EC3 /* ElectroluxCodeAssignmentUITests */ = {
			isa = PBXGroup;
			children = (
				10ECA4EB26905CEB00E14EC3 /* ElectroluxCodeAssignmentUITests.swift */,
				10ECA4ED26905CEB00E14EC3 /* Info.plist */,
			);
			path = ElectroluxCodeAssignmentUITests;
			sourceTree = "<group>";
		};
		10ECA51126905EBF00E14EC3 /* Managers */ = {
			isa = PBXGroup;
			children = (
				10ECA51B26905F1700E14EC3 /* NetworkManager.swift */,
			);
			path = Managers;
			sourceTree = "<group>";
		};
		10ECA51226905EC400E14EC3 /* Extensions */ = {
			isa = PBXGroup;
			children = (
				10ECA5542690757B00E14EC3 /* Color+Extension.swift */,
			);
			path = Extensions;
			sourceTree = "<group>";
		};
		10ECA54B2690690A00E14EC3 /* Models */ = {
			isa = PBXGroup;
			children = (
				10ECA54C2690691D00E14EC3 /* FlickrPhotosResponse.swift */,
			);
			path = Models;
			sourceTree = "<group>";
		};
		5CD79ADDCF8EBBBD8E5FD2BF /* Frameworks */ = {
			isa = PBXGroup;
			children = (
				8CCECE7954E62DD0B673D782 /* Pods_ElectroluxCodeAssignment.framework */,
				24E83954477D0A1397911986 /* Pods_ElectroluxCodeAssignment_ElectroluxCodeAssignmentUITests.framework */,
				3CE547DA256AB7B45D7460A1 /* Pods_ElectroluxCodeAssignmentTests.framework */,
			);
			name = Frameworks;
			sourceTree = "<group>";
		};
		F25944A104E08B0DB271ECB8 /* Pods */ = {
			isa = PBXGroup;
			children = (
				62999A8100167E292C403B93 /* Pods-ElectroluxCodeAssignment.debug.xcconfig */,
				FCB0C0D9E2906BB359CCFB31 /* Pods-ElectroluxCodeAssignment.release.xcconfig */,
				AD2BCABBC85F75E0F44500A1 /* Pods-ElectroluxCodeAssignment-ElectroluxCodeAssignmentUITests.debug.xcconfig */,
				1ED5C6D945720142F6DE4681 /* Pods-ElectroluxCodeAssignment-ElectroluxCodeAssignmentUITests.release.xcconfig */,
				523A0800B694498512EF2E09 /* Pods-ElectroluxCodeAssignmentTests.debug.xcconfig */,
				8DDD627E0F7E57A9BE28504E /* Pods-ElectroluxCodeAssignmentTests.release.xcconfig */,
			);
			path = Pods;
			sourceTree = "<group>";
		};
/* End PBXGroup section */

/* Begin PBXNativeTarget section */
		10ECA4CA26905CE900E14EC3 /* ElectroluxCodeAssignment */ = {
			isa = PBXNativeTarget;
			buildConfigurationList = 10ECA4F026905CEB00E14EC3 /* Build configuration list for PBXNativeTarget "ElectroluxCodeAssignment" */;
			buildPhases = (
				16E865A6B1264F381035AA48 /* [CP] Check Pods Manifest.lock */,
				10ECA4C726905CE900E14EC3 /* Sources */,
				10ECA4C826905CE900E14EC3 /* Frameworks */,
				10ECA4C926905CE900E14EC3 /* Resources */,
				D7CAD9ECF0765EC55988E335 /* [CP] Embed Pods Frameworks */,
			);
			buildRules = (
			);
			dependencies = (
			);
			name = ElectroluxCodeAssignment;
			productName = ElectroluxCodeAssignment;
			productReference = 10ECA4CB26905CE900E14EC3 /* ElectroluxCodeAssignment.app */;
			productType = "com.apple.product-type.application";
		};
		10ECA4DB26905CEB00E14EC3 /* ElectroluxCodeAssignmentTests */ = {
			isa = PBXNativeTarget;
			buildConfigurationList = 10ECA4F326905CEB00E14EC3 /* Build configuration list for PBXNativeTarget "ElectroluxCodeAssignmentTests" */;
			buildPhases = (
				27AD9B176A37AFDAC47C3B8A /* [CP] Check Pods Manifest.lock */,
				10ECA4D826905CEB00E14EC3 /* Sources */,
				10ECA4D926905CEB00E14EC3 /* Frameworks */,
				10ECA4DA26905CEB00E14EC3 /* Resources */,
			);
			buildRules = (
			);
			dependencies = (
				10ECA4DE26905CEB00E14EC3 /* PBXTargetDependency */,
			);
			name = ElectroluxCodeAssignmentTests;
			productName = ElectroluxCodeAssignmentTests;
			productReference = 10ECA4DC26905CEB00E14EC3 /* ElectroluxCodeAssignmentTests.xctest */;
			productType = "com.apple.product-type.bundle.unit-test";
		};
		10ECA4E626905CEB00E14EC3 /* ElectroluxCodeAssignmentUITests */ = {
			isa = PBXNativeTarget;
			buildConfigurationList = 10ECA4F626905CEB00E14EC3 /* Build configuration list for PBXNativeTarget "ElectroluxCodeAssignmentUITests" */;
			buildPhases = (
				F92B671A77D2F0D8210DAFE1 /* [CP] Check Pods Manifest.lock */,
				10ECA4E326905CEB00E14EC3 /* Sources */,
				10ECA4E426905CEB00E14EC3 /* Frameworks */,
				10ECA4E526905CEB00E14EC3 /* Resources */,
				DD86DAD26D08B95217868B60 /* [CP] Embed Pods Frameworks */,
			);
			buildRules = (
			);
			dependencies = (
				10ECA4E926905CEB00E14EC3 /* PBXTargetDependency */,
			);
			name = ElectroluxCodeAssignmentUITests;
			productName = ElectroluxCodeAssignmentUITests;
			productReference = 10ECA4E726905CEB00E14EC3 /* ElectroluxCodeAssignmentUITests.xctest */;
			productType = "com.apple.product-type.bundle.ui-testing";
		};
/* End PBXNativeTarget section */

/* Begin PBXProject section */
		10ECA4C326905CE900E14EC3 /* Project object */ = {
			isa = PBXProject;
			attributes = {
				LastSwiftUpdateCheck = 1240;
				LastUpgradeCheck = 1240;
				TargetAttributes = {
					10ECA4CA26905CE900E14EC3 = {
						CreatedOnToolsVersion = 12.4;
					};
					10ECA4DB26905CEB00E14EC3 = {
						CreatedOnToolsVersion = 12.4;
						TestTargetID = 10ECA4CA26905CE900E14EC3;
					};
					10ECA4E626905CEB00E14EC3 = {
						CreatedOnToolsVersion = 12.4;
						TestTargetID = 10ECA4CA26905CE900E14EC3;
					};
				};
			};
			buildConfigurationList = 10ECA4C626905CE900E14EC3 /* Build configuration list for PBXProject "ElectroluxCodeAssignment" */;
			compatibilityVersion = "Xcode 9.3";
			developmentRegion = en;
			hasScannedForEncodings = 0;
			knownRegions = (
				en,
				Base,
			);
			mainGroup = 10ECA4C226905CE900E14EC3;
			productRefGroup = 10ECA4CC26905CE900E14EC3 /* Products */;
			projectDirPath = "";
			projectRoot = "";
			targets = (
				10ECA4CA26905CE900E14EC3 /* ElectroluxCodeAssignment */,
				10ECA4DB26905CEB00E14EC3 /* ElectroluxCodeAssignmentTests */,
				10ECA4E626905CEB00E14EC3 /* ElectroluxCodeAssignmentUITests */,
			);
		};
/* End PBXProject section */

/* Begin PBXResourcesBuildPhase section */
		10ECA4C926905CE900E14EC3 /* Resources */ = {
			isa = PBXResourcesBuildPhase;
			buildActionMask = 2147483647;
			files = (
				10ECA4D626905CEB00E14EC3 /* Preview Assets.xcassets in Resources */,
				10ECA53F2690644400E14EC3 /* config.txt in Resources */,
				10ECA4D326905CEB00E14EC3 /* Assets.xcassets in Resources */,
			);
			runOnlyForDeploymentPostprocessing = 0;
		};
		10ECA4DA26905CEB00E14EC3 /* Resources */ = {
			isa = PBXResourcesBuildPhase;
			buildActionMask = 2147483647;
			files = (
			);
			runOnlyForDeploymentPostprocessing = 0;
		};
		10ECA4E526905CEB00E14EC3 /* Resources */ = {
			isa = PBXResourcesBuildPhase;
			buildActionMask = 2147483647;
			files = (
			);
			runOnlyForDeploymentPostprocessing = 0;
		};
/* End PBXResourcesBuildPhase section */

/* Begin PBXShellScriptBuildPhase section */
		16E865A6B1264F381035AA48 /* [CP] Check Pods Manifest.lock */ = {
			isa = PBXShellScriptBuildPhase;
			buildActionMask = 2147483647;
			files = (
			);
			inputFileListPaths = (
			);
			inputPaths = (
				"${PODS_PODFILE_DIR_PATH}/Podfile.lock",
				"${PODS_ROOT}/Manifest.lock",
			);
			name = "[CP] Check Pods Manifest.lock";
			outputFileListPaths = (
			);
			outputPaths = (
				"$(DERIVED_FILE_DIR)/Pods-ElectroluxCodeAssignment-checkManifestLockResult.txt",
			);
			runOnlyForDeploymentPostprocessing = 0;
			shellPath = /bin/sh;
			shellScript = "diff \"${PODS_PODFILE_DIR_PATH}/Podfile.lock\" \"${PODS_ROOT}/Manifest.lock\" > /dev/null\nif [ $? != 0 ] ; then\n    # print error to STDERR\n    echo \"error: The sandbox is not in sync with the Podfile.lock. Run 'pod install' or update your CocoaPods installation.\" >&2\n    exit 1\nfi\n# This output is used by Xcode 'outputs' to avoid re-running this script phase.\necho \"SUCCESS\" > \"${SCRIPT_OUTPUT_FILE_0}\"\n";
			showEnvVarsInLog = 0;
		};
		27AD9B176A37AFDAC47C3B8A /* [CP] Check Pods Manifest.lock */ = {
			isa = PBXShellScriptBuildPhase;
			buildActionMask = 2147483647;
			files = (
			);
			inputFileListPaths = (
			);
			inputPaths = (
				"${PODS_PODFILE_DIR_PATH}/Podfile.lock",
				"${PODS_ROOT}/Manifest.lock",
			);
			name = "[CP] Check Pods Manifest.lock";
			outputFileListPaths = (
			);
			outputPaths = (
				"$(DERIVED_FILE_DIR)/Pods-ElectroluxCodeAssignmentTests-checkManifestLockResult.txt",
			);
			runOnlyForDeploymentPostprocessing = 0;
			shellPath = /bin/sh;
			shellScript = "diff \"${PODS_PODFILE_DIR_PATH}/Podfile.lock\" \"${PODS_ROOT}/Manifest.lock\" > /dev/null\nif [ $? != 0 ] ; then\n    # print error to STDERR\n    echo \"error: The sandbox is not in sync with the Podfile.lock. Run 'pod install' or update your CocoaPods installation.\" >&2\n    exit 1\nfi\n# This output is used by Xcode 'outputs' to avoid re-running this script phase.\necho \"SUCCESS\" > \"${SCRIPT_OUTPUT_FILE_0}\"\n";
			showEnvVarsInLog = 0;
		};
		D7CAD9ECF0765EC55988E335 /* [CP] Embed Pods Frameworks */ = {
			isa = PBXShellScriptBuildPhase;
			buildActionMask = 2147483647;
			files = (
			);
			inputFileListPaths = (
				"${PODS_ROOT}/Target Support Files/Pods-ElectroluxCodeAssignment/Pods-ElectroluxCodeAssignment-frameworks-${CONFIGURATION}-input-files.xcfilelist",
			);
			name = "[CP] Embed Pods Frameworks";
			outputFileListPaths = (
				"${PODS_ROOT}/Target Support Files/Pods-ElectroluxCodeAssignment/Pods-ElectroluxCodeAssignment-frameworks-${CONFIGURATION}-output-files.xcfilelist",
			);
			runOnlyForDeploymentPostprocessing = 0;
			shellPath = /bin/sh;
			shellScript = "\"${PODS_ROOT}/Target Support Files/Pods-ElectroluxCodeAssignment/Pods-ElectroluxCodeAssignment-frameworks.sh\"\n";
			showEnvVarsInLog = 0;
		};
		DD86DAD26D08B95217868B60 /* [CP] Embed Pods Frameworks */ = {
			isa = PBXShellScriptBuildPhase;
			buildActionMask = 2147483647;
			files = (
			);
			inputFileListPaths = (
				"${PODS_ROOT}/Target Support Files/Pods-ElectroluxCodeAssignment-ElectroluxCodeAssignmentUITests/Pods-ElectroluxCodeAssignment-ElectroluxCodeAssignmentUITests-frameworks-${CONFIGURATION}-input-files.xcfilelist",
			);
			name = "[CP] Embed Pods Frameworks";
			outputFileListPaths = (
				"${PODS_ROOT}/Target Support Files/Pods-ElectroluxCodeAssignment-ElectroluxCodeAssignmentUITests/Pods-ElectroluxCodeAssignment-ElectroluxCodeAssignmentUITests-frameworks-${CONFIGURATION}-output-files.xcfilelist",
			);
			runOnlyForDeploymentPostprocessing = 0;
			shellPath = /bin/sh;
			shellScript = "\"${PODS_ROOT}/Target Support Files/Pods-ElectroluxCodeAssignment-ElectroluxCodeAssignmentUITests/Pods-ElectroluxCodeAssignment-ElectroluxCodeAssignmentUITests-frameworks.sh\"\n";
			showEnvVarsInLog = 0;
		};
		F92B671A77D2F0D8210DAFE1 /* [CP] Check Pods Manifest.lock */ = {
			isa = PBXShellScriptBuildPhase;
			buildActionMask = 2147483647;
			files = (
			);
			inputFileListPaths = (
			);
			inputPaths = (
				"${PODS_PODFILE_DIR_PATH}/Podfile.lock",
				"${PODS_ROOT}/Manifest.lock",
			);
			name = "[CP] Check Pods Manifest.lock";
			outputFileListPaths = (
			);
			outputPaths = (
				"$(DERIVED_FILE_DIR)/Pods-ElectroluxCodeAssignment-ElectroluxCodeAssignmentUITests-checkManifestLockResult.txt",
			);
			runOnlyForDeploymentPostprocessing = 0;
			shellPath = /bin/sh;
			shellScript = "diff \"${PODS_PODFILE_DIR_PATH}/Podfile.lock\" \"${PODS_ROOT}/Manifest.lock\" > /dev/null\nif [ $? != 0 ] ; then\n    # print error to STDERR\n    echo \"error: The sandbox is not in sync with the Podfile.lock. Run 'pod install' or update your CocoaPods installation.\" >&2\n    exit 1\nfi\n# This output is used by Xcode 'outputs' to avoid re-running this script phase.\necho \"SUCCESS\" > \"${SCRIPT_OUTPUT_FILE_0}\"\n";
			showEnvVarsInLog = 0;
		};
/* End PBXShellScriptBuildPhase section */

/* Begin PBXSourcesBuildPhase section */
		10ECA4C726905CE900E14EC3 /* Sources */ = {
			isa = PBXSourcesBuildPhase;
			buildActionMask = 2147483647;
			files = (
				10ECA54D2690691D00E14EC3 /* FlickrPhotosResponse.swift in Sources */,
				10ECA5552690757B00E14EC3 /* Color+Extension.swift in Sources */,
				10ECA51C26905F1700E14EC3 /* NetworkManager.swift in Sources */,
				10ECA4D126905CE900E14EC3 /* ImageGalleryView.swift in Sources */,
				10ECA4CF26905CE900E14EC3 /* ElectroluxCodeAssignmentApp.swift in Sources */,
			);
			runOnlyForDeploymentPostprocessing = 0;
		};
		10ECA4D826905CEB00E14EC3 /* Sources */ = {
			isa = PBXSourcesBuildPhase;
			buildActionMask = 2147483647;
			files = (
				10ECA4E126905CEB00E14EC3 /* ElectroluxCodeAssignmentTests.swift in Sources */,
			);
			runOnlyForDeploymentPostprocessing = 0;
		};
		10ECA4E326905CEB00E14EC3 /* Sources */ = {
			isa = PBXSourcesBuildPhase;
			buildActionMask = 2147483647;
			files = (
				10ECA4EC26905CEB00E14EC3 /* ElectroluxCodeAssignmentUITests.swift in Sources */,
			);
			runOnlyForDeploymentPostprocessing = 0;
		};
/* End PBXSourcesBuildPhase section */

/* Begin PBXTargetDependency section */
		10ECA4DE26905CEB00E14EC3 /* PBXTargetDependency */ = {
			isa = PBXTargetDependency;
			target = 10ECA4CA26905CE900E14EC3 /* ElectroluxCodeAssignment */;
			targetProxy = 10ECA4DD26905CEB00E14EC3 /* PBXContainerItemProxy */;
		};
		10ECA4E926905CEB00E14EC3 /* PBXTargetDependency */ = {
			isa = PBXTargetDependency;
			target = 10ECA4CA26905CE900E14EC3 /* ElectroluxCodeAssignment */;
			targetProxy = 10ECA4E826905CEB00E14EC3 /* PBXContainerItemProxy */;
		};
/* End PBXTargetDependency section */

/* Begin XCBuildConfiguration section */
		10ECA4EE26905CEB00E14EC3 /* Debug */ = {
			isa = XCBuildConfiguration;
			buildSettings = {
				ALWAYS_SEARCH_USER_PATHS = NO;
				CLANG_ANALYZER_NONNULL = YES;
				CLANG_ANALYZER_NUMBER_OBJECT_CONVERSION = YES_AGGRESSIVE;
				CLANG_CXX_LANGUAGE_STANDARD = "gnu++14";
				CLANG_CXX_LIBRARY = "libc++";
				CLANG_ENABLE_MODULES = YES;
				CLANG_ENABLE_OBJC_ARC = YES;
				CLANG_ENABLE_OBJC_WEAK = YES;
				CLANG_WARN_BLOCK_CAPTURE_AUTORELEASING = YES;
				CLANG_WARN_BOOL_CONVERSION = YES;
				CLANG_WARN_COMMA = YES;
				CLANG_WARN_CONSTANT_CONVERSION = YES;
				CLANG_WARN_DEPRECATED_OBJC_IMPLEMENTATIONS = YES;
				CLANG_WARN_DIRECT_OBJC_ISA_USAGE = YES_ERROR;
				CLANG_WARN_DOCUMENTATION_COMMENTS = YES;
				CLANG_WARN_EMPTY_BODY = YES;
				CLANG_WARN_ENUM_CONVERSION = YES;
				CLANG_WARN_INFINITE_RECURSION = YES;
				CLANG_WARN_INT_CONVERSION = YES;
				CLANG_WARN_NON_LITERAL_NULL_CONVERSION = YES;
				CLANG_WARN_OBJC_IMPLICIT_RETAIN_SELF = YES;
				CLANG_WARN_OBJC_LITERAL_CONVERSION = YES;
				CLANG_WARN_OBJC_ROOT_CLASS = YES_ERROR;
				CLANG_WARN_QUOTED_INCLUDE_IN_FRAMEWORK_HEADER = YES;
				CLANG_WARN_RANGE_LOOP_ANALYSIS = YES;
				CLANG_WARN_STRICT_PROTOTYPES = YES;
				CLANG_WARN_SUSPICIOUS_MOVE = YES;
				CLANG_WARN_UNGUARDED_AVAILABILITY = YES_AGGRESSIVE;
				CLANG_WARN_UNREACHABLE_CODE = YES;
				CLANG_WARN__DUPLICATE_METHOD_MATCH = YES;
				COPY_PHASE_STRIP = NO;
				DEBUG_INFORMATION_FORMAT = dwarf;
				ENABLE_STRICT_OBJC_MSGSEND = YES;
				ENABLE_TESTABILITY = YES;
				GCC_C_LANGUAGE_STANDARD = gnu11;
				GCC_DYNAMIC_NO_PIC = NO;
				GCC_NO_COMMON_BLOCKS = YES;
				GCC_OPTIMIZATION_LEVEL = 0;
				GCC_PREPROCESSOR_DEFINITIONS = (
					"DEBUG=1",
					"$(inherited)",
				);
				GCC_WARN_64_TO_32_BIT_CONVERSION = YES;
				GCC_WARN_ABOUT_RETURN_TYPE = YES_ERROR;
				GCC_WARN_UNDECLARED_SELECTOR = YES;
				GCC_WARN_UNINITIALIZED_AUTOS = YES_AGGRESSIVE;
				GCC_WARN_UNUSED_FUNCTION = YES;
				GCC_WARN_UNUSED_VARIABLE = YES;
				IPHONEOS_DEPLOYMENT_TARGET = 14.4;
				MTL_ENABLE_DEBUG_INFO = INCLUDE_SOURCE;
				MTL_FAST_MATH = YES;
				ONLY_ACTIVE_ARCH = YES;
				SDKROOT = iphoneos;
				SWIFT_ACTIVE_COMPILATION_CONDITIONS = DEBUG;
				SWIFT_OPTIMIZATION_LEVEL = "-Onone";
			};
			name = Debug;
		};
		10ECA4EF26905CEB00E14EC3 /* Release */ = {
			isa = XCBuildConfiguration;
			buildSettings = {
				ALWAYS_SEARCH_USER_PATHS = NO;
				CLANG_ANALYZER_NONNULL = YES;
				CLANG_ANALYZER_NUMBER_OBJECT_CONVERSION = YES_AGGRESSIVE;
				CLANG_CXX_LANGUAGE_STANDARD = "gnu++14";
				CLANG_CXX_LIBRARY = "libc++";
				CLANG_ENABLE_MODULES = YES;
				CLANG_ENABLE_OBJC_ARC = YES;
				CLANG_ENABLE_OBJC_WEAK = YES;
				CLANG_WARN_BLOCK_CAPTURE_AUTORELEASING = YES;
				CLANG_WARN_BOOL_CONVERSION = YES;
				CLANG_WARN_COMMA = YES;
				CLANG_WARN_CONSTANT_CONVERSION = YES;
				CLANG_WARN_DEPRECATED_OBJC_IMPLEMENTATIONS = YES;
				CLANG_WARN_DIRECT_OBJC_ISA_USAGE = YES_ERROR;
				CLANG_WARN_DOCUMENTATION_COMMENTS = YES;
				CLANG_WARN_EMPTY_BODY = YES;
				CLANG_WARN_ENUM_CONVERSION = YES;
				CLANG_WARN_INFINITE_RECURSION = YES;
				CLANG_WARN_INT_CONVERSION = YES;
				CLANG_WARN_NON_LITERAL_NULL_CONVERSION = YES;
				CLANG_WARN_OBJC_IMPLICIT_RETAIN_SELF = YES;
				CLANG_WARN_OBJC_LITERAL_CONVERSION = YES;
				CLANG_WARN_OBJC_ROOT_CLASS = YES_ERROR;
				CLANG_WARN_QUOTED_INCLUDE_IN_FRAMEWORK_HEADER = YES;
				CLANG_WARN_RANGE_LOOP_ANALYSIS = YES;
				CLANG_WARN_STRICT_PROTOTYPES = YES;
				CLANG_WARN_SUSPICIOUS_MOVE = YES;
				CLANG_WARN_UNGUARDED_AVAILABILITY = YES_AGGRESSIVE;
				CLANG_WARN_UNREACHABLE_CODE = YES;
				CLANG_WARN__DUPLICATE_METHOD_MATCH = YES;
				COPY_PHASE_STRIP = NO;
				DEBUG_INFORMATION_FORMAT = "dwarf-with-dsym";
				ENABLE_NS_ASSERTIONS = NO;
				ENABLE_STRICT_OBJC_MSGSEND = YES;
				GCC_C_LANGUAGE_STANDARD = gnu11;
				GCC_NO_COMMON_BLOCKS = YES;
				GCC_WARN_64_TO_32_BIT_CONVERSION = YES;
				GCC_WARN_ABOUT_RETURN_TYPE = YES_ERROR;
				GCC_WARN_UNDECLARED_SELECTOR = YES;
				GCC_WARN_UNINITIALIZED_AUTOS = YES_AGGRESSIVE;
				GCC_WARN_UNUSED_FUNCTION = YES;
				GCC_WARN_UNUSED_VARIABLE = YES;
				IPHONEOS_DEPLOYMENT_TARGET = 14.4;
				MTL_ENABLE_DEBUG_INFO = NO;
				MTL_FAST_MATH = YES;
				SDKROOT = iphoneos;
				SWIFT_COMPILATION_MODE = wholemodule;
				SWIFT_OPTIMIZATION_LEVEL = "-O";
				VALIDATE_PRODUCT = YES;
			};
			name = Release;
		};
		10ECA4F126905CEB00E14EC3 /* Debug */ = {
			isa = XCBuildConfiguration;
			baseConfigurationReference = 62999A8100167E292C403B93 /* Pods-ElectroluxCodeAssignment.debug.xcconfig */;
			buildSettings = {
				ALWAYS_EMBED_SWIFT_STANDARD_LIBRARIES = "$(inherited)";
				ASSETCATALOG_COMPILER_APPICON_NAME = AppIcon;
				ASSETCATALOG_COMPILER_GLOBAL_ACCENT_COLOR_NAME = AccentColor;
				CODE_SIGN_STYLE = Automatic;
				DEVELOPMENT_ASSET_PATHS = "\"ElectroluxCodeAssignment/Preview Content\"";
				DEVELOPMENT_TEAM = WZ85A999ZX;
				ENABLE_PREVIEWS = YES;
				INFOPLIST_FILE = ElectroluxCodeAssignment/Info.plist;
				IPHONEOS_DEPLOYMENT_TARGET = 14.0;
				LD_RUNPATH_SEARCH_PATHS = (
					"$(inherited)",
					"@executable_path/Frameworks",
				);
				PRODUCT_BUNDLE_IDENTIFIER = com.Example.Example.ElectroluxCodeAssignment;
				PRODUCT_NAME = "$(TARGET_NAME)";
				SWIFT_VERSION = 5.0;
				TARGETED_DEVICE_FAMILY = "1,2";
			};
			name = Debug;
		};
		10ECA4F226905CEB00E14EC3 /* Release */ = {
			isa = XCBuildConfiguration;
			baseConfigurationReference = FCB0C0D9E2906BB359CCFB31 /* Pods-ElectroluxCodeAssignment.release.xcconfig */;
			buildSettings = {
				ALWAYS_EMBED_SWIFT_STANDARD_LIBRARIES = "$(inherited)";
				ASSETCATALOG_COMPILER_APPICON_NAME = AppIcon;
				ASSETCATALOG_COMPILER_GLOBAL_ACCENT_COLOR_NAME = AccentColor;
				CODE_SIGN_STYLE = Automatic;
				DEVELOPMENT_ASSET_PATHS = "\"ElectroluxCodeAssignment/Preview Content\"";
				DEVELOPMENT_TEAM = WZ85A999ZX;
				ENABLE_PREVIEWS = YES;
				INFOPLIST_FILE = ElectroluxCodeAssignment/Info.plist;
				IPHONEOS_DEPLOYMENT_TARGET = 14.0;
				LD_RUNPATH_SEARCH_PATHS = (
					"$(inherited)",
					"@executable_path/Frameworks",
				);
				PRODUCT_BUNDLE_IDENTIFIER = com.Example.Example.ElectroluxCodeAssignment;
				PRODUCT_NAME = "$(TARGET_NAME)";
				SWIFT_VERSION = 5.0;
				TARGETED_DEVICE_FAMILY = "1,2";
			};
			name = Release;
		};
		10ECA4F426905CEB00E14EC3 /* Debug */ = {
			isa = XCBuildConfiguration;
			baseConfigurationReference = 523A0800B694498512EF2E09 /* Pods-ElectroluxCodeAssignmentTests.debug.xcconfig */;
			buildSettings = {
				ALWAYS_EMBED_SWIFT_STANDARD_LIBRARIES = "$(inherited)";
				BUNDLE_LOADER = "$(TEST_HOST)";
				CODE_SIGN_STYLE = Automatic;
				DEVELOPMENT_TEAM = WZ85A999ZX;
				INFOPLIST_FILE = ElectroluxCodeAssignmentTests/Info.plist;
				IPHONEOS_DEPLOYMENT_TARGET = 14.0;
				LD_RUNPATH_SEARCH_PATHS = (
					"$(inherited)",
					"@executable_path/Frameworks",
					"@loader_path/Frameworks",
				);
				PRODUCT_BUNDLE_IDENTIFIER = com.Example.Example.ElectroluxCodeAssignmentTests;
				PRODUCT_NAME = "$(TARGET_NAME)";
				SWIFT_VERSION = 5.0;
				TARGETED_DEVICE_FAMILY = "1,2";
				TEST_HOST = "$(BUILT_PRODUCTS_DIR)/ElectroluxCodeAssignment.app/ElectroluxCodeAssignment";
			};
			name = Debug;
		};
		10ECA4F526905CEB00E14EC3 /* Release */ = {
			isa = XCBuildConfiguration;
			baseConfigurationReference = 8DDD627E0F7E57A9BE28504E /* Pods-ElectroluxCodeAssignmentTests.release.xcconfig */;
			buildSettings = {
				ALWAYS_EMBED_SWIFT_STANDARD_LIBRARIES = "$(inherited)";
				BUNDLE_LOADER = "$(TEST_HOST)";
				CODE_SIGN_STYLE = Automatic;
				DEVELOPMENT_TEAM = WZ85A999ZX;
				INFOPLIST_FILE = ElectroluxCodeAssignmentTests/Info.plist;
				IPHONEOS_DEPLOYMENT_TARGET = 14.0;
				LD_RUNPATH_SEARCH_PATHS = (
					"$(inherited)",
					"@executable_path/Frameworks",
					"@loader_path/Frameworks",
				);
				PRODUCT_BUNDLE_IDENTIFIER = com.Example.Example.ElectroluxCodeAssignmentTests;
				PRODUCT_NAME = "$(TARGET_NAME)";
				SWIFT_VERSION = 5.0;
				TARGETED_DEVICE_FAMILY = "1,2";
				TEST_HOST = "$(BUILT_PRODUCTS_DIR)/ElectroluxCodeAssignment.app/ElectroluxCodeAssignment";
			};
			name = Release;
		};
		10ECA4F726905CEB00E14EC3 /* Debug */ = {
			isa = XCBuildConfiguration;
			baseConfigurationReference = AD2BCABBC85F75E0F44500A1 /* Pods-ElectroluxCodeAssignment-ElectroluxCodeAssignmentUITests.debug.xcconfig */;
			buildSettings = {
				ALWAYS_EMBED_SWIFT_STANDARD_LIBRARIES = "$(inherited)";
				CODE_SIGN_STYLE = Automatic;
				DEVELOPMENT_TEAM = WZ85A999ZX;
				INFOPLIST_FILE = ElectroluxCodeAssignmentUITests/Info.plist;
				LD_RUNPATH_SEARCH_PATHS = (
					"$(inherited)",
					"@executable_path/Frameworks",
					"@loader_path/Frameworks",
				);
				PRODUCT_BUNDLE_IDENTIFIER = com.Example.Example.ElectroluxCodeAssignmentUITests;
				PRODUCT_NAME = "$(TARGET_NAME)";
				SWIFT_VERSION = 5.0;
				TARGETED_DEVICE_FAMILY = "1,2";
				TEST_TARGET_NAME = ElectroluxCodeAssignment;
			};
			name = Debug;
		};
		10ECA4F826905CEB00E14EC3 /* Release */ = {
			isa = XCBuildConfiguration;
			baseConfigurationReference = 1ED5C6D945720142F6DE4681 /* Pods-ElectroluxCodeAssignment-ElectroluxCodeAssignmentUITests.release.xcconfig */;
			buildSettings = {
				ALWAYS_EMBED_SWIFT_STANDARD_LIBRARIES = "$(inherited)";
				CODE_SIGN_STYLE = Automatic;
				DEVELOPMENT_TEAM = WZ85A999ZX;
				INFOPLIST_FILE = ElectroluxCodeAssignmentUITests/Info.plist;
				LD_RUNPATH_SEARCH_PATHS = (
					"$(inherited)",
					"@executable_path/Frameworks",
					"@loader_path/Frameworks",
				);
				PRODUCT_BUNDLE_IDENTIFIER = com.Example.Example.ElectroluxCodeAssignmentUITests;
				PRODUCT_NAME = "$(TARGET_NAME)";
				SWIFT_VERSION = 5.0;
				TARGETED_DEVICE_FAMILY = "1,2";
				TEST_TARGET_NAME = ElectroluxCodeAssignment;
			};
			name = Release;
		};
/* End XCBuildConfiguration section */

/* Begin XCConfigurationList section */
		10ECA4C626905CE900E14EC3 /* Build configuration list for PBXProject "ElectroluxCodeAssignment" */ = {
			isa = XCConfigurationList;
			buildConfigurations = (
				10ECA4EE26905CEB00E14EC3 /* Debug */,
				10ECA4EF26905CEB00E14EC3 /* Release */,
			);
			defaultConfigurationIsVisible = 0;
			defaultConfigurationName = Release;
		};
		10ECA4F026905CEB00E14EC3 /* Build configuration list for PBXNativeTarget "ElectroluxCodeAssignment" */ = {
			isa = XCConfigurationList;
			buildConfigurations = (
				10ECA4F126905CEB00E14EC3 /* Debug */,
				10ECA4F226905CEB00E14EC3 /* Release */,
			);
			defaultConfigurationIsVisible = 0;
			defaultConfigurationName = Release;
		};
		10ECA4F326905CEB00E14EC3 /* Build configuration list for PBXNativeTarget "ElectroluxCodeAssignmentTests" */ = {
			isa = XCConfigurationList;
			buildConfigurations = (
				10ECA4F426905CEB00E14EC3 /* Debug */,
				10ECA4F526905CEB00E14EC3 /* Release */,
			);
			defaultConfigurationIsVisible = 0;
			defaultConfigurationName = Release;
		};
		10ECA4F626905CEB00E14EC3 /* Build configuration list for PBXNativeTarget "ElectroluxCodeAssignmentUITests" */ = {
			isa = XCConfigurationList;
			buildConfigurations = (
				10ECA4F726905CEB00E14EC3 /* Debug */,
				10ECA4F826905CEB00E14EC3 /* Release */,
			);
			defaultConfigurationIsVisible = 0;
			defaultConfigurationName = Release;
		};
/* End XCConfigurationList section */
	};
	rootObject = 10ECA4C326905CE900E14EC3 /* Project object */;
}
